// !$*UTF8*$!
{
	archiveVersion = 1;
	classes = {
	};
	objectVersion = 77;
	objects = {

/* Begin PBXBuildFile section */
		BEC51F5C2CF462FF00A806B3 /* FirebaseAuth in Frameworks */ = {isa = PBXBuildFile; productRef = BEC51F5B2CF462FF00A806B3 /* FirebaseAuth */; };
		BEC51F5E2CF462FF00A806B3 /* FirebaseAuthCombine-Community in Frameworks */ = {isa = PBXBuildFile; productRef = BEC51F5D2CF462FF00A806B3 /* FirebaseAuthCombine-Community */; };
		BEC51F602CF462FF00A806B3 /* FirebaseDatabase in Frameworks */ = {isa = PBXBuildFile; productRef = BEC51F5F2CF462FF00A806B3 /* FirebaseDatabase */; };
		BEC51F622CF462FF00A806B3 /* FirebaseFirestore in Frameworks */ = {isa = PBXBuildFile; productRef = BEC51F612CF462FF00A806B3 /* FirebaseFirestore */; };
		BEC51F642CF462FF00A806B3 /* FirebaseFirestoreCombine-Community in Frameworks */ = {isa = PBXBuildFile; productRef = BEC51F632CF462FF00A806B3 /* FirebaseFirestoreCombine-Community */; };
		BEC51F662CF462FF00A806B3 /* FirebaseStorage in Frameworks */ = {isa = PBXBuildFile; productRef = BEC51F652CF462FF00A806B3 /* FirebaseStorage */; };
		BEC51F682CF462FF00A806B3 /* FirebaseStorageCombine-Community in Frameworks */ = {isa = PBXBuildFile; productRef = BEC51F672CF462FF00A806B3 /* FirebaseStorageCombine-Community */; };
/* End PBXBuildFile section */

/* Begin PBXContainerItemProxy section */
		BE7301342CF0775F00CA307E /* PBXContainerItemProxy */ = {
			isa = PBXContainerItemProxy;
			containerPortal = BE7301122CF0775D00CA307E /* Project object */;
			proxyType = 1;
			remoteGlobalIDString = BE7301192CF0775D00CA307E;
			remoteInfo = LearnConnect;
		};
		BE73013E2CF0775F00CA307E /* PBXContainerItemProxy */ = {
			isa = PBXContainerItemProxy;
			containerPortal = BE7301122CF0775D00CA307E /* Project object */;
			proxyType = 1;
			remoteGlobalIDString = BE7301192CF0775D00CA307E;
			remoteInfo = LearnConnect;
		};
/* End PBXContainerItemProxy section */

/* Begin PBXFileReference section */
		BE73011A2CF0775D00CA307E /* LearnConnect.app */ = {isa = PBXFileReference; explicitFileType = wrapper.application; includeInIndex = 0; path = LearnConnect.app; sourceTree = BUILT_PRODUCTS_DIR; };
		BE7301332CF0775F00CA307E /* LearnConnectTests.xctest */ = {isa = PBXFileReference; explicitFileType = wrapper.cfbundle; includeInIndex = 0; path = LearnConnectTests.xctest; sourceTree = BUILT_PRODUCTS_DIR; };
		BE73013D2CF0775F00CA307E /* LearnConnectUITests.xctest */ = {isa = PBXFileReference; explicitFileType = wrapper.cfbundle; includeInIndex = 0; path = LearnConnectUITests.xctest; sourceTree = BUILT_PRODUCTS_DIR; };
/* End PBXFileReference section */

/* Begin PBXFileSystemSynchronizedBuildFileExceptionSet section */
		BE7301452CF0775F00CA307E /* Exceptions for "LearnConnect" folder in "LearnConnect" target */ = {
			isa = PBXFileSystemSynchronizedBuildFileExceptionSet;
			membershipExceptions = (
				Info.plist,
			);
			target = BE7301192CF0775D00CA307E /* LearnConnect */;
		};
/* End PBXFileSystemSynchronizedBuildFileExceptionSet section */

/* Begin PBXFileSystemSynchronizedRootGroup section */
		BE73011C2CF0775D00CA307E /* LearnConnect */ = {
			isa = PBXFileSystemSynchronizedRootGroup;
			exceptions = (
				BE7301452CF0775F00CA307E /* Exceptions for "LearnConnect" folder in "LearnConnect" target */,
			);
			path = LearnConnect;
			sourceTree = "<group>";
		};
		BE7301362CF0775F00CA307E /* LearnConnectTests */ = {
			isa = PBXFileSystemSynchronizedRootGroup;
			path = LearnConnectTests;
			sourceTree = "<group>";
		};
		BE7301402CF0775F00CA307E /* LearnConnectUITests */ = {
			isa = PBXFileSystemSynchronizedRootGroup;
			path = LearnConnectUITests;
			sourceTree = "<group>";
		};
		BED9BBF62CF49C6F00E182E4 /* Sceen */ = {
			isa = PBXFileSystemSynchronizedRootGroup;
			path = Sceen;
			sourceTree = "<group>";
		};
/* End PBXFileSystemSynchronizedRootGroup section */

/* Begin PBXFrameworksBuildPhase section */
		BE7301172CF0775D00CA307E /* Frameworks */ = {
			isa = PBXFrameworksBuildPhase;
			buildActionMask = 2147483647;
			files = (
				BEC51F602CF462FF00A806B3 /* FirebaseDatabase in Frameworks */,
				BEC51F682CF462FF00A806B3 /* FirebaseStorageCombine-Community in Frameworks */,
				BEC51F622CF462FF00A806B3 /* FirebaseFirestore in Frameworks */,
				BEC51F5C2CF462FF00A806B3 /* FirebaseAuth in Frameworks */,
				BEC51F642CF462FF00A806B3 /* FirebaseFirestoreCombine-Community in Frameworks */,
				BEC51F5E2CF462FF00A806B3 /* FirebaseAuthCombine-Community in Frameworks */,
				BEC51F662CF462FF00A806B3 /* FirebaseStorage in Frameworks */,
			);
			runOnlyForDeploymentPostprocessing = 0;
		};
		BE7301302CF0775F00CA307E /* Frameworks */ = {
			isa = PBXFrameworksBuildPhase;
			buildActionMask = 2147483647;
			files = (
			);
			runOnlyForDeploymentPostprocessing = 0;
		};
		BE73013A2CF0775F00CA307E /* Frameworks */ = {
			isa = PBXFrameworksBuildPhase;
			buildActionMask = 2147483647;
			files = (
			);
			runOnlyForDeploymentPostprocessing = 0;
		};
/* End PBXFrameworksBuildPhase section */

/* Begin PBXGroup section */
		BE7301112CF0775D00CA307E = {
			isa = PBXGroup;
			children = (
				BE73011C2CF0775D00CA307E /* LearnConnect */,
				BED9BBF62CF49C6F00E182E4 /* Sceen */,
				BE7301362CF0775F00CA307E /* LearnConnectTests */,
				BE7301402CF0775F00CA307E /* LearnConnectUITests */,
				BE73011B2CF0775D00CA307E /* Products */,
			);
			sourceTree = "<group>";
		};
		BE73011B2CF0775D00CA307E /* Products */ = {
			isa = PBXGroup;
			children = (
				BE73011A2CF0775D00CA307E /* LearnConnect.app */,
				BE7301332CF0775F00CA307E /* LearnConnectTests.xctest */,
				BE73013D2CF0775F00CA307E /* LearnConnectUITests.xctest */,
			);
			name = Products;
			sourceTree = "<group>";
		};
/* End PBXGroup section */

/* Begin PBXNativeTarget section */
		BE7301192CF0775D00CA307E /* LearnConnect */ = {
			isa = PBXNativeTarget;
			buildConfigurationList = BE7301462CF0775F00CA307E /* Build configuration list for PBXNativeTarget "LearnConnect" */;
			buildPhases = (
				BE7301162CF0775D00CA307E /* Sources */,
				BE7301172CF0775D00CA307E /* Frameworks */,
				BE7301182CF0775D00CA307E /* Resources */,
			);
			buildRules = (
			);
			dependencies = (
			);
			fileSystemSynchronizedGroups = (
				BE73011C2CF0775D00CA307E /* LearnConnect */,
				BED9BBF62CF49C6F00E182E4 /* Sceen */,
			);
			name = LearnConnect;
			packageProductDependencies = (
				BEC51F5B2CF462FF00A806B3 /* FirebaseAuth */,
				BEC51F5D2CF462FF00A806B3 /* FirebaseAuthCombine-Community */,
				BEC51F5F2CF462FF00A806B3 /* FirebaseDatabase */,
				BEC51F612CF462FF00A806B3 /* FirebaseFirestore */,
				BEC51F632CF462FF00A806B3 /* FirebaseFirestoreCombine-Community */,
				BEC51F652CF462FF00A806B3 /* FirebaseStorage */,
				BEC51F672CF462FF00A806B3 /* FirebaseStorageCombine-Community */,
			);
			productName = LearnConnect;
			productReference = BE73011A2CF0775D00CA307E /* LearnConnect.app */;
			productType = "com.apple.product-type.application";
		};
		BE7301322CF0775F00CA307E /* LearnConnectTests */ = {
			isa = PBXNativeTarget;
			buildConfigurationList = BE73014B2CF0775F00CA307E /* Build configuration list for PBXNativeTarget "LearnConnectTests" */;
			buildPhases = (
				BE73012F2CF0775F00CA307E /* Sources */,
				BE7301302CF0775F00CA307E /* Frameworks */,
				BE7301312CF0775F00CA307E /* Resources */,
			);
			buildRules = (
			);
			dependencies = (
				BE7301352CF0775F00CA307E /* PBXTargetDependency */,
			);
			fileSystemSynchronizedGroups = (
				BE7301362CF0775F00CA307E /* LearnConnectTests */,
			);
			name = LearnConnectTests;
			packageProductDependencies = (
			);
			productName = LearnConnectTests;
			productReference = BE7301332CF0775F00CA307E /* LearnConnectTests.xctest */;
			productType = "com.apple.product-type.bundle.unit-test";
		};
		BE73013C2CF0775F00CA307E /* LearnConnectUITests */ = {
			isa = PBXNativeTarget;
			buildConfigurationList = BE73014E2CF0775F00CA307E /* Build configuration list for PBXNativeTarget "LearnConnectUITests" */;
			buildPhases = (
				BE7301392CF0775F00CA307E /* Sources */,
				BE73013A2CF0775F00CA307E /* Frameworks */,
				BE73013B2CF0775F00CA307E /* Resources */,
			);
			buildRules = (
			);
			dependencies = (
				BE73013F2CF0775F00CA307E /* PBXTargetDependency */,
			);
			fileSystemSynchronizedGroups = (
				BE7301402CF0775F00CA307E /* LearnConnectUITests */,
			);
			name = LearnConnectUITests;
			packageProductDependencies = (
			);
			productName = LearnConnectUITests;
			productReference = BE73013D2CF0775F00CA307E /* LearnConnectUITests.xctest */;
			productType = "com.apple.product-type.bundle.ui-testing";
		};
/* End PBXNativeTarget section */

/* Begin PBXProject section */
		BE7301122CF0775D00CA307E /* Project object */ = {
			isa = PBXProject;
			attributes = {
				BuildIndependentTargetsInParallel = 1;
				LastSwiftUpdateCheck = 1600;
				LastUpgradeCheck = 1600;
				TargetAttributes = {
					BE7301192CF0775D00CA307E = {
						CreatedOnToolsVersion = 16.0;
					};
					BE7301322CF0775F00CA307E = {
						CreatedOnToolsVersion = 16.0;
						TestTargetID = BE7301192CF0775D00CA307E;
					};
					BE73013C2CF0775F00CA307E = {
						CreatedOnToolsVersion = 16.0;
						TestTargetID = BE7301192CF0775D00CA307E;
					};
				};
			};
			buildConfigurationList = BE7301152CF0775D00CA307E /* Build configuration list for PBXProject "LearnConnect" */;
			developmentRegion = en;
			hasScannedForEncodings = 0;
			knownRegions = (
				en,
				Base,
			);
			mainGroup = BE7301112CF0775D00CA307E;
			minimizedProjectReferenceProxies = 1;
			packageReferences = (
				BEC51F5A2CF462FF00A806B3 /* XCRemoteSwiftPackageReference "firebase-ios-sdk" */,
			);
			preferredProjectObjectVersion = 77;
			productRefGroup = BE73011B2CF0775D00CA307E /* Products */;
			projectDirPath = "";
			projectRoot = "";
			targets = (
				BE7301192CF0775D00CA307E /* LearnConnect */,
				BE7301322CF0775F00CA307E /* LearnConnectTests */,
				BE73013C2CF0775F00CA307E /* LearnConnectUITests */,
			);
		};
/* End PBXProject section */

/* Begin PBXResourcesBuildPhase section */
		BE7301182CF0775D00CA307E /* Resources */ = {
			isa = PBXResourcesBuildPhase;
			buildActionMask = 2147483647;
			files = (
			);
			runOnlyForDeploymentPostprocessing = 0;
		};
		BE7301312CF0775F00CA307E /* Resources */ = {
			isa = PBXResourcesBuildPhase;
			buildActionMask = 2147483647;
			files = (
			);
			runOnlyForDeploymentPostprocessing = 0;
		};
		BE73013B2CF0775F00CA307E /* Resources */ = {
			isa = PBXResourcesBuildPhase;
			buildActionMask = 2147483647;
			files = (
			);
			runOnlyForDeploymentPostprocessing = 0;
		};
/* End PBXResourcesBuildPhase section */

/* Begin PBXSourcesBuildPhase section */
		BE7301162CF0775D00CA307E /* Sources */ = {
			isa = PBXSourcesBuildPhase;
			buildActionMask = 2147483647;
			files = (
			);
			runOnlyForDeploymentPostprocessing = 0;
		};
		BE73012F2CF0775F00CA307E /* Sources */ = {
			isa = PBXSourcesBuildPhase;
			buildActionMask = 2147483647;
			files = (
			);
			runOnlyForDeploymentPostprocessing = 0;
		};
		BE7301392CF0775F00CA307E /* Sources */ = {
			isa = PBXSourcesBuildPhase;
			buildActionMask = 2147483647;
			files = (
			);
			runOnlyForDeploymentPostprocessing = 0;
		};
/* End PBXSourcesBuildPhase section */

/* Begin PBXTargetDependency section */
		BE7301352CF0775F00CA307E /* PBXTargetDependency */ = {
			isa = PBXTargetDependency;
			target = BE7301192CF0775D00CA307E /* LearnConnect */;
			targetProxy = BE7301342CF0775F00CA307E /* PBXContainerItemProxy */;
		};
		BE73013F2CF0775F00CA307E /* PBXTargetDependency */ = {
			isa = PBXTargetDependency;
			target = BE7301192CF0775D00CA307E /* LearnConnect */;
			targetProxy = BE73013E2CF0775F00CA307E /* PBXContainerItemProxy */;
		};
/* End PBXTargetDependency section */

/* Begin XCBuildConfiguration section */
		BE7301472CF0775F00CA307E /* Debug */ = {
			isa = XCBuildConfiguration;
			buildSettings = {
				ASSETCATALOG_COMPILER_APPICON_NAME = AppIcon;
				ASSETCATALOG_COMPILER_GLOBAL_ACCENT_COLOR_NAME = AccentColor;
				CODE_SIGN_STYLE = Automatic;
				CURRENT_PROJECT_VERSION = 1;
				DEVELOPMENT_TEAM = 2ZDN9WVFBD;
				GENERATE_INFOPLIST_FILE = YES;
				INFOPLIST_FILE = LearnConnect/Info.plist;
				INFOPLIST_KEY_UIApplicationSupportsIndirectInputEvents = YES;
				INFOPLIST_KEY_UILaunchStoryboardName = LaunchScreen;
				INFOPLIST_KEY_UIMainStoryboardFile = "";
				INFOPLIST_KEY_UISupportedInterfaceOrientations = UIInterfaceOrientationPortrait;
				INFOPLIST_KEY_UISupportedInterfaceOrientations_iPad = "UIInterfaceOrientationLandscapeLeft UIInterfaceOrientationLandscapeRight UIInterfaceOrientationPortrait UIInterfaceOrientationPortraitUpsideDown";
				IPHONEOS_DEPLOYMENT_TARGET = 16.6;
				LD_RUNPATH_SEARCH_PATHS = (
					"$(inherited)",
					"@executable_path/Frameworks",
				);
				MARKETING_VERSION = 1.0;
				PRODUCT_BUNDLE_IDENTIFIER = com.alicantarim.LearnConnect;
				PRODUCT_NAME = "$(TARGET_NAME)";
				SWIFT_EMIT_LOC_STRINGS = YES;
				SWIFT_VERSION = 5.0;
				TARGETED_DEVICE_FAMILY = "1,2";
			};
			name = Debug;
		};
		BE7301482CF0775F00CA307E /* Release */ = {
			isa = XCBuildConfiguration;
			buildSettings = {
				ASSETCATALOG_COMPILER_APPICON_NAME = AppIcon;
				ASSETCATALOG_COMPILER_GLOBAL_ACCENT_COLOR_NAME = AccentColor;
				CODE_SIGN_STYLE = Automatic;
				CURRENT_PROJECT_VERSION = 1;
				DEVELOPMENT_TEAM = 2ZDN9WVFBD;
				GENERATE_INFOPLIST_FILE = YES;
				INFOPLIST_FILE = LearnConnect/Info.plist;
				INFOPLIST_KEY_UIApplicationSupportsIndirectInputEvents = YES;
				INFOPLIST_KEY_UILaunchStoryboardName = LaunchScreen;
				INFOPLIST_KEY_UIMainStoryboardFile = "";
				INFOPLIST_KEY_UISupportedInterfaceOrientations = UIInterfaceOrientationPortrait;
				INFOPLIST_KEY_UISupportedInterfaceOrientations_iPad = "UIInterfaceOrientationLandscapeLeft UIInterfaceOrientationLandscapeRight UIInterfaceOrientationPortrait UIInterfaceOrientationPortraitUpsideDown";
				IPHONEOS_DEPLOYMENT_TARGET = 16.6;
				LD_RUNPATH_SEARCH_PATHS = (
					"$(inherited)",
					"@executable_path/Frameworks",
				);
				MARKETING_VERSION = 1.0;
				PRODUCT_BUNDLE_IDENTIFIER = com.alicantarim.LearnConnect;
				PRODUCT_NAME = "$(TARGET_NAME)";
				SWIFT_EMIT_LOC_STRINGS = YES;
				SWIFT_VERSION = 5.0;
				TARGETED_DEVICE_FAMILY = "1,2";
			};
			name = Release;
		};
		BE7301492CF0775F00CA307E /* Debug */ = {
			isa = XCBuildConfiguration;
			buildSettings = {
				ALWAYS_SEARCH_USER_PATHS = NO;
				ASSETCATALOG_COMPILER_GENERATE_SWIFT_ASSET_SYMBOL_EXTENSIONS = YES;
				CLANG_ANALYZER_NONNULL = YES;
				CLANG_ANALYZER_NUMBER_OBJECT_CONVERSION = YES_AGGRESSIVE;
				CLANG_CXX_LANGUAGE_STANDARD = "gnu++20";
				CLANG_ENABLE_MODULES = YES;
				CLANG_ENABLE_OBJC_ARC = YES;
				CLANG_ENABLE_OBJC_WEAK = YES;
				CLANG_WARN_BLOCK_CAPTURE_AUTORELEASING = YES;
				CLANG_WARN_BOOL_CONVERSION = YES;
				CLANG_WARN_COMMA = YES;
				CLANG_WARN_CONSTANT_CONVERSION = YES;
				CLANG_WARN_DEPRECATED_OBJC_IMPLEMENTATIONS = YES;
				CLANG_WARN_DIRECT_OBJC_ISA_USAGE = YES_ERROR;
				CLANG_WARN_DOCUMENTATION_COMMENTS = YES;
				CLANG_WARN_EMPTY_BODY = YES;
				CLANG_WARN_ENUM_CONVERSION = YES;
				CLANG_WARN_INFINITE_RECURSION = YES;
				CLANG_WARN_INT_CONVERSION = YES;
				CLANG_WARN_NON_LITERAL_NULL_CONVERSION = YES;
				CLANG_WARN_OBJC_IMPLICIT_RETAIN_SELF = YES;
				CLANG_WARN_OBJC_LITERAL_CONVERSION = YES;
				CLANG_WARN_OBJC_ROOT_CLASS = YES_ERROR;
				CLANG_WARN_QUOTED_INCLUDE_IN_FRAMEWORK_HEADER = YES;
				CLANG_WARN_RANGE_LOOP_ANALYSIS = YES;
				CLANG_WARN_STRICT_PROTOTYPES = YES;
				CLANG_WARN_SUSPICIOUS_MOVE = YES;
				CLANG_WARN_UNGUARDED_AVAILABILITY = YES_AGGRESSIVE;
				CLANG_WARN_UNREACHABLE_CODE = YES;
				CLANG_WARN__DUPLICATE_METHOD_MATCH = YES;
				COPY_PHASE_STRIP = NO;
				DEBUG_INFORMATION_FORMAT = dwarf;
				ENABLE_STRICT_OBJC_MSGSEND = YES;
				ENABLE_TESTABILITY = YES;
				ENABLE_USER_SCRIPT_SANDBOXING = YES;
				GCC_C_LANGUAGE_STANDARD = gnu17;
				GCC_DYNAMIC_NO_PIC = NO;
				GCC_NO_COMMON_BLOCKS = YES;
				GCC_OPTIMIZATION_LEVEL = 0;
				GCC_PREPROCESSOR_DEFINITIONS = (
					"DEBUG=1",
					"$(inherited)",
				);
				GCC_WARN_64_TO_32_BIT_CONVERSION = YES;
				GCC_WARN_ABOUT_RETURN_TYPE = YES_ERROR;
				GCC_WARN_UNDECLARED_SELECTOR = YES;
				GCC_WARN_UNINITIALIZED_AUTOS = YES_AGGRESSIVE;
				GCC_WARN_UNUSED_FUNCTION = YES;
				GCC_WARN_UNUSED_VARIABLE = YES;
				IPHONEOS_DEPLOYMENT_TARGET = 18.0;
				LOCALIZATION_PREFERS_STRING_CATALOGS = YES;
				MTL_ENABLE_DEBUG_INFO = INCLUDE_SOURCE;
				MTL_FAST_MATH = YES;
				ONLY_ACTIVE_ARCH = YES;
				SDKROOT = iphoneos;
				SWIFT_ACTIVE_COMPILATION_CONDITIONS = "DEBUG $(inherited)";
				SWIFT_OPTIMIZATION_LEVEL = "-Onone";
			};
			name = Debug;
		};
		BE73014A2CF0775F00CA307E /* Release */ = {
			isa = XCBuildConfiguration;
			buildSettings = {
				ALWAYS_SEARCH_USER_PATHS = NO;
				ASSETCATALOG_COMPILER_GENERATE_SWIFT_ASSET_SYMBOL_EXTENSIONS = YES;
				CLANG_ANALYZER_NONNULL = YES;
				CLANG_ANALYZER_NUMBER_OBJECT_CONVERSION = YES_AGGRESSIVE;
				CLANG_CXX_LANGUAGE_STANDARD = "gnu++20";
				CLANG_ENABLE_MODULES = YES;
				CLANG_ENABLE_OBJC_ARC = YES;
				CLANG_ENABLE_OBJC_WEAK = YES;
				CLANG_WARN_BLOCK_CAPTURE_AUTORELEASING = YES;
				CLANG_WARN_BOOL_CONVERSION = YES;
				CLANG_WARN_COMMA = YES;
				CLANG_WARN_CONSTANT_CONVERSION = YES;
				CLANG_WARN_DEPRECATED_OBJC_IMPLEMENTATIONS = YES;
				CLANG_WARN_DIRECT_OBJC_ISA_USAGE = YES_ERROR;
				CLANG_WARN_DOCUMENTATION_COMMENTS = YES;
				CLANG_WARN_EMPTY_BODY = YES;
				CLANG_WARN_ENUM_CONVERSION = YES;
				CLANG_WARN_INFINITE_RECURSION = YES;
				CLANG_WARN_INT_CONVERSION = YES;
				CLANG_WARN_NON_LITERAL_NULL_CONVERSION = YES;
				CLANG_WARN_OBJC_IMPLICIT_RETAIN_SELF = YES;
				CLANG_WARN_OBJC_LITERAL_CONVERSION = YES;
				CLANG_WARN_OBJC_ROOT_CLASS = YES_ERROR;
				CLANG_WARN_QUOTED_INCLUDE_IN_FRAMEWORK_HEADER = YES;
				CLANG_WARN_RANGE_LOOP_ANALYSIS = YES;
				CLANG_WARN_STRICT_PROTOTYPES = YES;
				CLANG_WARN_SUSPICIOUS_MOVE = YES;
				CLANG_WARN_UNGUARDED_AVAILABILITY = YES_AGGRESSIVE;
				CLANG_WARN_UNREACHABLE_CODE = YES;
				CLANG_WARN__DUPLICATE_METHOD_MATCH = YES;
				COPY_PHASE_STRIP = NO;
				DEBUG_INFORMATION_FORMAT = "dwarf-with-dsym";
				ENABLE_NS_ASSERTIONS = NO;
				ENABLE_STRICT_OBJC_MSGSEND = YES;
				ENABLE_USER_SCRIPT_SANDBOXING = YES;
				GCC_C_LANGUAGE_STANDARD = gnu17;
				GCC_NO_COMMON_BLOCKS = YES;
				GCC_WARN_64_TO_32_BIT_CONVERSION = YES;
				GCC_WARN_ABOUT_RETURN_TYPE = YES_ERROR;
				GCC_WARN_UNDECLARED_SELECTOR = YES;
				GCC_WARN_UNINITIALIZED_AUTOS = YES_AGGRESSIVE;
				GCC_WARN_UNUSED_FUNCTION = YES;
				GCC_WARN_UNUSED_VARIABLE = YES;
				IPHONEOS_DEPLOYMENT_TARGET = 18.0;
				LOCALIZATION_PREFERS_STRING_CATALOGS = YES;
				MTL_ENABLE_DEBUG_INFO = NO;
				MTL_FAST_MATH = YES;
				SDKROOT = iphoneos;
				SWIFT_COMPILATION_MODE = wholemodule;
				VALIDATE_PRODUCT = YES;
			};
			name = Release;
		};
		BE73014C2CF0775F00CA307E /* Debug */ = {
			isa = XCBuildConfiguration;
			buildSettings = {
				BUNDLE_LOADER = "$(TEST_HOST)";
				CODE_SIGN_STYLE = Automatic;
				CURRENT_PROJECT_VERSION = 1;
				DEVELOPMENT_TEAM = 2ZDN9WVFBD;
				GENERATE_INFOPLIST_FILE = YES;
				IPHONEOS_DEPLOYMENT_TARGET = 18.0;
				MARKETING_VERSION = 1.0;
				PRODUCT_BUNDLE_IDENTIFIER = com.alicantarim.LearnConnectTests;
				PRODUCT_NAME = "$(TARGET_NAME)";
				SWIFT_EMIT_LOC_STRINGS = NO;
				SWIFT_VERSION = 5.0;
				TARGETED_DEVICE_FAMILY = "1,2";
				TEST_HOST = "$(BUILT_PRODUCTS_DIR)/LearnConnect.app/$(BUNDLE_EXECUTABLE_FOLDER_PATH)/LearnConnect";
			};
			name = Debug;
		};
		BE73014D2CF0775F00CA307E /* Release */ = {
			isa = XCBuildConfiguration;
			buildSettings = {
				BUNDLE_LOADER = "$(TEST_HOST)";
				CODE_SIGN_STYLE = Automatic;
				CURRENT_PROJECT_VERSION = 1;
				DEVELOPMENT_TEAM = 2ZDN9WVFBD;
				GENERATE_INFOPLIST_FILE = YES;
				IPHONEOS_DEPLOYMENT_TARGET = 18.0;
				MARKETING_VERSION = 1.0;
				PRODUCT_BUNDLE_IDENTIFIER = com.alicantarim.LearnConnectTests;
				PRODUCT_NAME = "$(TARGET_NAME)";
				SWIFT_EMIT_LOC_STRINGS = NO;
				SWIFT_VERSION = 5.0;
				TARGETED_DEVICE_FAMILY = "1,2";
				TEST_HOST = "$(BUILT_PRODUCTS_DIR)/LearnConnect.app/$(BUNDLE_EXECUTABLE_FOLDER_PATH)/LearnConnect";
			};
			name = Release;
		};
		BE73014F2CF0775F00CA307E /* Debug */ = {
			isa = XCBuildConfiguration;
			buildSettings = {
				CODE_SIGN_STYLE = Automatic;
				CURRENT_PROJECT_VERSION = 1;
				DEVELOPMENT_TEAM = 2ZDN9WVFBD;
				GENERATE_INFOPLIST_FILE = YES;
				MARKETING_VERSION = 1.0;
				PRODUCT_BUNDLE_IDENTIFIER = com.alicantarim.LearnConnectUITests;
				PRODUCT_NAME = "$(TARGET_NAME)";
				SWIFT_EMIT_LOC_STRINGS = NO;
				SWIFT_VERSION = 5.0;
				TARGETED_DEVICE_FAMILY = "1,2";
				TEST_TARGET_NAME = LearnConnect;
			};
			name = Debug;
		};
		BE7301502CF0775F00CA307E /* Release */ = {
			isa = XCBuildConfiguration;
			buildSettings = {
				CODE_SIGN_STYLE = Automatic;
				CURRENT_PROJECT_VERSION = 1;
				DEVELOPMENT_TEAM = 2ZDN9WVFBD;
				GENERATE_INFOPLIST_FILE = YES;
				MARKETING_VERSION = 1.0;
				PRODUCT_BUNDLE_IDENTIFIER = com.alicantarim.LearnConnectUITests;
				PRODUCT_NAME = "$(TARGET_NAME)";
				SWIFT_EMIT_LOC_STRINGS = NO;
				SWIFT_VERSION = 5.0;
				TARGETED_DEVICE_FAMILY = "1,2";
				TEST_TARGET_NAME = LearnConnect;
			};
			name = Release;
		};
/* End XCBuildConfiguration section */

/* Begin XCConfigurationList section */
		BE7301152CF0775D00CA307E /* Build configuration list for PBXProject "LearnConnect" */ = {
			isa = XCConfigurationList;
			buildConfigurations = (
				BE7301492CF0775F00CA307E /* Debug */,
				BE73014A2CF0775F00CA307E /* Release */,
			);
			defaultConfigurationIsVisible = 0;
			defaultConfigurationName = Release;
		};
		BE7301462CF0775F00CA307E /* Build configuration list for PBXNativeTarget "LearnConnect" */ = {
			isa = XCConfigurationList;
			buildConfigurations = (
				BE7301472CF0775F00CA307E /* Debug */,
				BE7301482CF0775F00CA307E /* Release */,
			);
			defaultConfigurationIsVisible = 0;
			defaultConfigurationName = Release;
		};
		BE73014B2CF0775F00CA307E /* Build configuration list for PBXNativeTarget "LearnConnectTests" */ = {
			isa = XCConfigurationList;
			buildConfigurations = (
				BE73014C2CF0775F00CA307E /* Debug */,
				BE73014D2CF0775F00CA307E /* Release */,
			);
			defaultConfigurationIsVisible = 0;
			defaultConfigurationName = Release;
		};
		BE73014E2CF0775F00CA307E /* Build configuration list for PBXNativeTarget "LearnConnectUITests" */ = {
			isa = XCConfigurationList;
			buildConfigurations = (
				BE73014F2CF0775F00CA307E /* Debug */,
				BE7301502CF0775F00CA307E /* Release */,
			);
			defaultConfigurationIsVisible = 0;
			defaultConfigurationName = Release;
		};
/* End XCConfigurationList section */

/* Begin XCRemoteSwiftPackageReference section */
		BEC51F5A2CF462FF00A806B3 /* XCRemoteSwiftPackageReference "firebase-ios-sdk" */ = {
			isa = XCRemoteSwiftPackageReference;
			repositoryURL = "https://github.com/firebase/firebase-ios-sdk";
			requirement = {
				kind = upToNextMajorVersion;
				minimumVersion = 11.5.0;
			};
		};
/* End XCRemoteSwiftPackageReference section */

/* Begin XCSwiftPackageProductDependency section */
		BEC51F5B2CF462FF00A806B3 /* FirebaseAuth */ = {
			isa = XCSwiftPackageProductDependency;
			package = BEC51F5A2CF462FF00A806B3 /* XCRemoteSwiftPackageReference "firebase-ios-sdk" */;
			productName = FirebaseAuth;
		};
		BEC51F5D2CF462FF00A806B3 /* FirebaseAuthCombine-Community */ = {
			isa = XCSwiftPackageProductDependency;
			package = BEC51F5A2CF462FF00A806B3 /* XCRemoteSwiftPackageReference "firebase-ios-sdk" */;
			productName = "FirebaseAuthCombine-Community";
		};
		BEC51F5F2CF462FF00A806B3 /* FirebaseDatabase */ = {
			isa = XCSwiftPackageProductDependency;
			package = BEC51F5A2CF462FF00A806B3 /* XCRemoteSwiftPackageReference "firebase-ios-sdk" */;
			productName = FirebaseDatabase;
		};
		BEC51F612CF462FF00A806B3 /* FirebaseFirestore */ = {
			isa = XCSwiftPackageProductDependency;
			package = BEC51F5A2CF462FF00A806B3 /* XCRemoteSwiftPackageReference "firebase-ios-sdk" */;
			productName = FirebaseFirestore;
		};
		BEC51F632CF462FF00A806B3 /* FirebaseFirestoreCombine-Community */ = {
			isa = XCSwiftPackageProductDependency;
			package = BEC51F5A2CF462FF00A806B3 /* XCRemoteSwiftPackageReference "firebase-ios-sdk" */;
			productName = "FirebaseFirestoreCombine-Community";
		};
		BEC51F652CF462FF00A806B3 /* FirebaseStorage */ = {
			isa = XCSwiftPackageProductDependency;
			package = BEC51F5A2CF462FF00A806B3 /* XCRemoteSwiftPackageReference "firebase-ios-sdk" */;
			productName = FirebaseStorage;
		};
		BEC51F672CF462FF00A806B3 /* FirebaseStorageCombine-Community */ = {
			isa = XCSwiftPackageProductDependency;
			package = BEC51F5A2CF462FF00A806B3 /* XCRemoteSwiftPackageReference "firebase-ios-sdk" */;
			productName = "FirebaseStorageCombine-Community";
		};
/* End XCSwiftPackageProductDependency section */
	};
	rootObject = BE7301122CF0775D00CA307E /* Project object */;
}
