// !$*UTF8*$!
{
	archiveVersion = 1;
	classes = {
	};
	objectVersion = 77;
	objects = {

/* Begin PBXBuildFile section */
		BE436B702D13F2E90055B96F /* SnapKit in Frameworks */ = {isa = PBXBuildFile; productRef = BE436B6F2D13F2E90055B96F /* SnapKit */; };
		BEC1C2862D1CB83A0094AC67 /* README.md in Resources */ = {isa = PBXBuildFile; fileRef = BEC1C2852D1CB8330094AC67 /* README.md */; };
/* End PBXBuildFile section */

/* Begin PBXContainerItemProxy section */
		BE436B4C2D13F1C00055B96F /* PBXContainerItemProxy */ = {
			isa = PBXContainerItemProxy;
			containerPortal = BE436B2A2D13F1BF0055B96F /* Project object */;
			proxyType = 1;
			remoteGlobalIDString = BE436B312D13F1BF0055B96F;
			remoteInfo = LearnConnect;
		};
		BE436B562D13F1C00055B96F /* PBXContainerItemProxy */ = {
			isa = PBXContainerItemProxy;
			containerPortal = BE436B2A2D13F1BF0055B96F /* Project object */;
			proxyType = 1;
			remoteGlobalIDString = BE436B312D13F1BF0055B96F;
			remoteInfo = LearnConnect;
		};
/* End PBXContainerItemProxy section */

/* Begin PBXFileReference section */
		BE436B322D13F1BF0055B96F /* LearnConnect.app */ = {isa = PBXFileReference; explicitFileType = wrapper.application; includeInIndex = 0; path = LearnConnect.app; sourceTree = BUILT_PRODUCTS_DIR; };
		BE436B4B2D13F1C00055B96F /* LearnConnectTests.xctest */ = {isa = PBXFileReference; explicitFileType = wrapper.cfbundle; includeInIndex = 0; path = LearnConnectTests.xctest; sourceTree = BUILT_PRODUCTS_DIR; };
		BE436B552D13F1C00055B96F /* LearnConnectUITests.xctest */ = {isa = PBXFileReference; explicitFileType = wrapper.cfbundle; includeInIndex = 0; path = LearnConnectUITests.xctest; sourceTree = BUILT_PRODUCTS_DIR; };
		BEC1C2852D1CB8330094AC67 /* README.md */ = {isa = PBXFileReference; lastKnownFileType = net.daringfireball.markdown; path = README.md; sourceTree = "<group>"; };
/* End PBXFileReference section */

/* Begin PBXFileSystemSynchronizedBuildFileExceptionSet section */
		BE436B5D2D13F1C00055B96F /* Exceptions for "LearnConnect" folder in "LearnConnect" target */ = {
			isa = PBXFileSystemSynchronizedBuildFileExceptionSet;
			membershipExceptions = (
				Info.plist,
			);
			target = BE436B312D13F1BF0055B96F /* LearnConnect */;
		};
/* End PBXFileSystemSynchronizedBuildFileExceptionSet section */

/* Begin PBXFileSystemSynchronizedRootGroup section */
		BE436B342D13F1BF0055B96F /* LearnConnect */ = {
			isa = PBXFileSystemSynchronizedRootGroup;
			exceptions = (
				BE436B5D2D13F1C00055B96F /* Exceptions for "LearnConnect" folder in "LearnConnect" target */,
			);
			path = LearnConnect;
			sourceTree = "<group>";
		};
		BE436B4E2D13F1C00055B96F /* LearnConnectTests */ = {
			isa = PBXFileSystemSynchronizedRootGroup;
			path = LearnConnectTests;
			sourceTree = "<group>";
		};
		BE436B582D13F1C00055B96F /* LearnConnectUITests */ = {
			isa = PBXFileSystemSynchronizedRootGroup;
			path = LearnConnectUITests;
			sourceTree = "<group>";
		};
/* End PBXFileSystemSynchronizedRootGroup section */

/* Begin PBXFrameworksBuildPhase section */
		BE436B2F2D13F1BF0055B96F /* Frameworks */ = {
			isa = PBXFrameworksBuildPhase;
			buildActionMask = 2147483647;
			files = (
				BE436B702D13F2E90055B96F /* SnapKit in Frameworks */,
			);
			runOnlyForDeploymentPostprocessing = 0;
		};
		BE436B482D13F1C00055B96F /* Frameworks */ = {
			isa = PBXFrameworksBuildPhase;
			buildActionMask = 2147483647;
			files = (
			);
			runOnlyForDeploymentPostprocessing = 0;
		};
		BE436B522D13F1C00055B96F /* Frameworks */ = {
			isa = PBXFrameworksBuildPhase;
			buildActionMask = 2147483647;
			files = (
			);
			runOnlyForDeploymentPostprocessing = 0;
		};
/* End PBXFrameworksBuildPhase section */

/* Begin PBXGroup section */
		BE436B292D13F1BF0055B96F = {
			isa = PBXGroup;
			children = (
				BEC1C2852D1CB8330094AC67 /* README.md */,
				BE436B342D13F1BF0055B96F /* LearnConnect */,
				BE436B4E2D13F1C00055B96F /* LearnConnectTests */,
				BE436B582D13F1C00055B96F /* LearnConnectUITests */,
				BE436B332D13F1BF0055B96F /* Products */,
			);
			sourceTree = "<group>";
		};
		BE436B332D13F1BF0055B96F /* Products */ = {
			isa = PBXGroup;
			children = (
				BE436B322D13F1BF0055B96F /* LearnConnect.app */,
				BE436B4B2D13F1C00055B96F /* LearnConnectTests.xctest */,
				BE436B552D13F1C00055B96F /* LearnConnectUITests.xctest */,
			);
			name = Products;
			sourceTree = "<group>";
		};
/* End PBXGroup section */

/* Begin PBXNativeTarget section */
		BE436B312D13F1BF0055B96F /* LearnConnect */ = {
			isa = PBXNativeTarget;
			buildConfigurationList = BE436B5E2D13F1C00055B96F /* Build configuration list for PBXNativeTarget "LearnConnect" */;
			buildPhases = (
				BE436B2E2D13F1BF0055B96F /* Sources */,
				BE436B2F2D13F1BF0055B96F /* Frameworks */,
				BE436B302D13F1BF0055B96F /* Resources */,
			);
			buildRules = (
			);
			dependencies = (
			);
			fileSystemSynchronizedGroups = (
				BE436B342D13F1BF0055B96F /* LearnConnect */,
			);
			name = LearnConnect;
			packageProductDependencies = (
				BE436B6F2D13F2E90055B96F /* SnapKit */,
			);
			productName = LearnConnect;
			productReference = BE436B322D13F1BF0055B96F /* LearnConnect.app */;
			productType = "com.apple.product-type.application";
		};
		BE436B4A2D13F1C00055B96F /* LearnConnectTests */ = {
			isa = PBXNativeTarget;
			buildConfigurationList = BE436B632D13F1C00055B96F /* Build configuration list for PBXNativeTarget "LearnConnectTests" */;
			buildPhases = (
				BE436B472D13F1C00055B96F /* Sources */,
				BE436B482D13F1C00055B96F /* Frameworks */,
				BE436B492D13F1C00055B96F /* Resources */,
			);
			buildRules = (
			);
			dependencies = (
				BE436B4D2D13F1C00055B96F /* PBXTargetDependency */,
			);
			fileSystemSynchronizedGroups = (
				BE436B4E2D13F1C00055B96F /* LearnConnectTests */,
			);
			name = LearnConnectTests;
			packageProductDependencies = (
			);
			productName = LearnConnectTests;
			productReference = BE436B4B2D13F1C00055B96F /* LearnConnectTests.xctest */;
			productType = "com.apple.product-type.bundle.unit-test";
		};
		BE436B542D13F1C00055B96F /* LearnConnectUITests */ = {
			isa = PBXNativeTarget;
			buildConfigurationList = BE436B662D13F1C00055B96F /* Build configuration list for PBXNativeTarget "LearnConnectUITests" */;
			buildPhases = (
				BE436B512D13F1C00055B96F /* Sources */,
				BE436B522D13F1C00055B96F /* Frameworks */,
				BE436B532D13F1C00055B96F /* Resources */,
			);
			buildRules = (
			);
			dependencies = (
				BE436B572D13F1C00055B96F /* PBXTargetDependency */,
			);
			fileSystemSynchronizedGroups = (
				BE436B582D13F1C00055B96F /* LearnConnectUITests */,
			);
			name = LearnConnectUITests;
			packageProductDependencies = (
			);
			productName = LearnConnectUITests;
			productReference = BE436B552D13F1C00055B96F /* LearnConnectUITests.xctest */;
			productType = "com.apple.product-type.bundle.ui-testing";
		};
/* End PBXNativeTarget section */

/* Begin PBXProject section */
		BE436B2A2D13F1BF0055B96F /* Project object */ = {
			isa = PBXProject;
			attributes = {
				BuildIndependentTargetsInParallel = 1;
				LastSwiftUpdateCheck = 1600;
				LastUpgradeCheck = 1600;
				TargetAttributes = {
					BE436B312D13F1BF0055B96F = {
						CreatedOnToolsVersion = 16.0;
					};
					BE436B4A2D13F1C00055B96F = {
						CreatedOnToolsVersion = 16.0;
						TestTargetID = BE436B312D13F1BF0055B96F;
					};
					BE436B542D13F1C00055B96F = {
						CreatedOnToolsVersion = 16.0;
						TestTargetID = BE436B312D13F1BF0055B96F;
					};
				};
			};
			buildConfigurationList = BE436B2D2D13F1BF0055B96F /* Build configuration list for PBXProject "LearnConnect" */;
			developmentRegion = en;
			hasScannedForEncodings = 0;
			knownRegions = (
				en,
				Base,
			);
			mainGroup = BE436B292D13F1BF0055B96F;
			minimizedProjectReferenceProxies = 1;
			packageReferences = (
				BE436B6E2D13F2E90055B96F /* XCRemoteSwiftPackageReference "SnapKit" */,
			);
			preferredProjectObjectVersion = 77;
			productRefGroup = BE436B332D13F1BF0055B96F /* Products */;
			projectDirPath = "";
			projectRoot = "";
			targets = (
				BE436B312D13F1BF0055B96F /* LearnConnect */,
				BE436B4A2D13F1C00055B96F /* LearnConnectTests */,
				BE436B542D13F1C00055B96F /* LearnConnectUITests */,
			);
		};
/* End PBXProject section */

/* Begin PBXResourcesBuildPhase section */
		BE436B302D13F1BF0055B96F /* Resources */ = {
			isa = PBXResourcesBuildPhase;
			buildActionMask = 2147483647;
			files = (
				BEC1C2862D1CB83A0094AC67 /* README.md in Resources */,
			);
			runOnlyForDeploymentPostprocessing = 0;
		};
		BE436B492D13F1C00055B96F /* Resources */ = {
			isa = PBXResourcesBuildPhase;
			buildActionMask = 2147483647;
			files = (
			);
			runOnlyForDeploymentPostprocessing = 0;
		};
		BE436B532D13F1C00055B96F /* Resources */ = {
			isa = PBXResourcesBuildPhase;
			buildActionMask = 2147483647;
			files = (
			);
			runOnlyForDeploymentPostprocessing = 0;
		};
/* End PBXResourcesBuildPhase section */

/* Begin PBXSourcesBuildPhase section */
		BE436B2E2D13F1BF0055B96F /* Sources */ = {
			isa = PBXSourcesBuildPhase;
			buildActionMask = 2147483647;
			files = (
			);
			runOnlyForDeploymentPostprocessing = 0;
		};
		BE436B472D13F1C00055B96F /* Sources */ = {
			isa = PBXSourcesBuildPhase;
			buildActionMask = 2147483647;
			files = (
			);
			runOnlyForDeploymentPostprocessing = 0;
		};
		BE436B512D13F1C00055B96F /* Sources */ = {
			isa = PBXSourcesBuildPhase;
			buildActionMask = 2147483647;
			files = (
			);
			runOnlyForDeploymentPostprocessing = 0;
		};
/* End PBXSourcesBuildPhase section */

/* Begin PBXTargetDependency section */
		BE436B4D2D13F1C00055B96F /* PBXTargetDependency */ = {
			isa = PBXTargetDependency;
			target = BE436B312D13F1BF0055B96F /* LearnConnect */;
			targetProxy = BE436B4C2D13F1C00055B96F /* PBXContainerItemProxy */;
		};
		BE436B572D13F1C00055B96F /* PBXTargetDependency */ = {
			isa = PBXTargetDependency;
			target = BE436B312D13F1BF0055B96F /* LearnConnect */;
			targetProxy = BE436B562D13F1C00055B96F /* PBXContainerItemProxy */;
		};
/* End PBXTargetDependency section */

/* Begin XCBuildConfiguration section */
		BE436B5F2D13F1C00055B96F /* Debug */ = {
			isa = XCBuildConfiguration;
			buildSettings = {
				ASSETCATALOG_COMPILER_APPICON_NAME = AppIcon;
				ASSETCATALOG_COMPILER_GLOBAL_ACCENT_COLOR_NAME = AccentColor;
				CODE_SIGN_STYLE = Automatic;
				CURRENT_PROJECT_VERSION = 1;
				DEVELOPMENT_TEAM = 2ZDN9WVFBD;
				GENERATE_INFOPLIST_FILE = YES;
				INFOPLIST_FILE = LearnConnect/Info.plist;
				INFOPLIST_KEY_UIApplicationSupportsIndirectInputEvents = YES;
				INFOPLIST_KEY_UILaunchStoryboardName = LaunchScreen;
				INFOPLIST_KEY_UISupportedInterfaceOrientations = UIInterfaceOrientationPortrait;
				INFOPLIST_KEY_UISupportedInterfaceOrientations_iPad = "UIInterfaceOrientationLandscapeLeft UIInterfaceOrientationLandscapeRight UIInterfaceOrientationPortrait UIInterfaceOrientationPortraitUpsideDown";
				IPHONEOS_DEPLOYMENT_TARGET = 17.6;
				LD_RUNPATH_SEARCH_PATHS = (
					"$(inherited)",
					"@executable_path/Frameworks",
				);
				MARKETING_VERSION = 1.0;
				PRODUCT_BUNDLE_IDENTIFIER = com.alicantarim.LearnConnect;
				PRODUCT_NAME = "$(TARGET_NAME)";
				SUPPORTED_PLATFORMS = "iphoneos iphonesimulator";
				SUPPORTS_MACCATALYST = NO;
				SUPPORTS_MAC_DESIGNED_FOR_IPHONE_IPAD = NO;
				SUPPORTS_XR_DESIGNED_FOR_IPHONE_IPAD = NO;
				SWIFT_EMIT_LOC_STRINGS = YES;
				SWIFT_VERSION = 5.0;
				TARGETED_DEVICE_FAMILY = 1;
			};
			name = Debug;
		};
		BE436B602D13F1C00055B96F /* Release */ = {
			isa = XCBuildConfiguration;
			buildSettings = {
				ASSETCATALOG_COMPILER_APPICON_NAME = AppIcon;
				ASSETCATALOG_COMPILER_GLOBAL_ACCENT_COLOR_NAME = AccentColor;
				CODE_SIGN_STYLE = Automatic;
				CURRENT_PROJECT_VERSION = 1;
				DEVELOPMENT_TEAM = 2ZDN9WVFBD;
				GENERATE_INFOPLIST_FILE = YES;
				INFOPLIST_FILE = LearnConnect/Info.plist;
				INFOPLIST_KEY_UIApplicationSupportsIndirectInputEvents = YES;
				INFOPLIST_KEY_UILaunchStoryboardName = LaunchScreen;
				INFOPLIST_KEY_UISupportedInterfaceOrientations = UIInterfaceOrientationPortrait;
				INFOPLIST_KEY_UISupportedInterfaceOrientations_iPad = "UIInterfaceOrientationLandscapeLeft UIInterfaceOrientationLandscapeRight UIInterfaceOrientationPortrait UIInterfaceOrientationPortraitUpsideDown";
				IPHONEOS_DEPLOYMENT_TARGET = 17.6;
				LD_RUNPATH_SEARCH_PATHS = (
					"$(inherited)",
					"@executable_path/Frameworks",
				);
				MARKETING_VERSION = 1.0;
				PRODUCT_BUNDLE_IDENTIFIER = com.alicantarim.LearnConnect;
				PRODUCT_NAME = "$(TARGET_NAME)";
				SUPPORTED_PLATFORMS = "iphoneos iphonesimulator";
				SUPPORTS_MACCATALYST = NO;
				SUPPORTS_MAC_DESIGNED_FOR_IPHONE_IPAD = NO;
				SUPPORTS_XR_DESIGNED_FOR_IPHONE_IPAD = NO;
				SWIFT_EMIT_LOC_STRINGS = YES;
				SWIFT_VERSION = 5.0;
				TARGETED_DEVICE_FAMILY = 1;
			};
			name = Release;
		};
		BE436B612D13F1C00055B96F /* Debug */ = {
			isa = XCBuildConfiguration;
			buildSettings = {
				ALWAYS_SEARCH_USER_PATHS = NO;
				ASSETCATALOG_COMPILER_GENERATE_SWIFT_ASSET_SYMBOL_EXTENSIONS = YES;
				CLANG_ANALYZER_NONNULL = YES;
				CLANG_ANALYZER_NUMBER_OBJECT_CONVERSION = YES_AGGRESSIVE;
				CLANG_CXX_LANGUAGE_STANDARD = "gnu++20";
				CLANG_ENABLE_MODULES = YES;
				CLANG_ENABLE_OBJC_ARC = YES;
				CLANG_ENABLE_OBJC_WEAK = YES;
				CLANG_WARN_BLOCK_CAPTURE_AUTORELEASING = YES;
				CLANG_WARN_BOOL_CONVERSION = YES;
				CLANG_WARN_COMMA = YES;
				CLANG_WARN_CONSTANT_CONVERSION = YES;
				CLANG_WARN_DEPRECATED_OBJC_IMPLEMENTATIONS = YES;
				CLANG_WARN_DIRECT_OBJC_ISA_USAGE = YES_ERROR;
				CLANG_WARN_DOCUMENTATION_COMMENTS = YES;
				CLANG_WARN_EMPTY_BODY = YES;
				CLANG_WARN_ENUM_CONVERSION = YES;
				CLANG_WARN_INFINITE_RECURSION = YES;
				CLANG_WARN_INT_CONVERSION = YES;
				CLANG_WARN_NON_LITERAL_NULL_CONVERSION = YES;
				CLANG_WARN_OBJC_IMPLICIT_RETAIN_SELF = YES;
				CLANG_WARN_OBJC_LITERAL_CONVERSION = YES;
				CLANG_WARN_OBJC_ROOT_CLASS = YES_ERROR;
				CLANG_WARN_QUOTED_INCLUDE_IN_FRAMEWORK_HEADER = YES;
				CLANG_WARN_RANGE_LOOP_ANALYSIS = YES;
				CLANG_WARN_STRICT_PROTOTYPES = YES;
				CLANG_WARN_SUSPICIOUS_MOVE = YES;
				CLANG_WARN_UNGUARDED_AVAILABILITY = YES_AGGRESSIVE;
				CLANG_WARN_UNREACHABLE_CODE = YES;
				CLANG_WARN__DUPLICATE_METHOD_MATCH = YES;
				COPY_PHASE_STRIP = NO;
				DEBUG_INFORMATION_FORMAT = dwarf;
				ENABLE_STRICT_OBJC_MSGSEND = YES;
				ENABLE_TESTABILITY = YES;
				ENABLE_USER_SCRIPT_SANDBOXING = YES;
				GCC_C_LANGUAGE_STANDARD = gnu17;
				GCC_DYNAMIC_NO_PIC = NO;
				GCC_NO_COMMON_BLOCKS = YES;
				GCC_OPTIMIZATION_LEVEL = 0;
				GCC_PREPROCESSOR_DEFINITIONS = (
					"DEBUG=1",
					"$(inherited)",
				);
				GCC_WARN_64_TO_32_BIT_CONVERSION = YES;
				GCC_WARN_ABOUT_RETURN_TYPE = YES_ERROR;
				GCC_WARN_UNDECLARED_SELECTOR = YES;
				GCC_WARN_UNINITIALIZED_AUTOS = YES_AGGRESSIVE;
				GCC_WARN_UNUSED_FUNCTION = YES;
				GCC_WARN_UNUSED_VARIABLE = YES;
				IPHONEOS_DEPLOYMENT_TARGET = 18.0;
				LOCALIZATION_PREFERS_STRING_CATALOGS = YES;
				MTL_ENABLE_DEBUG_INFO = INCLUDE_SOURCE;
				MTL_FAST_MATH = YES;
				ONLY_ACTIVE_ARCH = YES;
				SDKROOT = iphoneos;
				SWIFT_ACTIVE_COMPILATION_CONDITIONS = "DEBUG $(inherited)";
				SWIFT_OPTIMIZATION_LEVEL = "-Onone";
			};
			name = Debug;
		};
		BE436B622D13F1C00055B96F /* Release */ = {
			isa = XCBuildConfiguration;
			buildSettings = {
				ALWAYS_SEARCH_USER_PATHS = NO;
				ASSETCATALOG_COMPILER_GENERATE_SWIFT_ASSET_SYMBOL_EXTENSIONS = YES;
				CLANG_ANALYZER_NONNULL = YES;
				CLANG_ANALYZER_NUMBER_OBJECT_CONVERSION = YES_AGGRESSIVE;
				CLANG_CXX_LANGUAGE_STANDARD = "gnu++20";
				CLANG_ENABLE_MODULES = YES;
				CLANG_ENABLE_OBJC_ARC = YES;
				CLANG_ENABLE_OBJC_WEAK = YES;
				CLANG_WARN_BLOCK_CAPTURE_AUTORELEASING = YES;
				CLANG_WARN_BOOL_CONVERSION = YES;
				CLANG_WARN_COMMA = YES;
				CLANG_WARN_CONSTANT_CONVERSION = YES;
				CLANG_WARN_DEPRECATED_OBJC_IMPLEMENTATIONS = YES;
				CLANG_WARN_DIRECT_OBJC_ISA_USAGE = YES_ERROR;
				CLANG_WARN_DOCUMENTATION_COMMENTS = YES;
				CLANG_WARN_EMPTY_BODY = YES;
				CLANG_WARN_ENUM_CONVERSION = YES;
				CLANG_WARN_INFINITE_RECURSION = YES;
				CLANG_WARN_INT_CONVERSION = YES;
				CLANG_WARN_NON_LITERAL_NULL_CONVERSION = YES;
				CLANG_WARN_OBJC_IMPLICIT_RETAIN_SELF = YES;
				CLANG_WARN_OBJC_LITERAL_CONVERSION = YES;
				CLANG_WARN_OBJC_ROOT_CLASS = YES_ERROR;
				CLANG_WARN_QUOTED_INCLUDE_IN_FRAMEWORK_HEADER = YES;
				CLANG_WARN_RANGE_LOOP_ANALYSIS = YES;
				CLANG_WARN_STRICT_PROTOTYPES = YES;
				CLANG_WARN_SUSPICIOUS_MOVE = YES;
				CLANG_WARN_UNGUARDED_AVAILABILITY = YES_AGGRESSIVE;
				CLANG_WARN_UNREACHABLE_CODE = YES;
				CLANG_WARN__DUPLICATE_METHOD_MATCH = YES;
				COPY_PHASE_STRIP = NO;
				DEBUG_INFORMATION_FORMAT = "dwarf-with-dsym";
				ENABLE_NS_ASSERTIONS = NO;
				ENABLE_STRICT_OBJC_MSGSEND = YES;
				ENABLE_USER_SCRIPT_SANDBOXING = YES;
				GCC_C_LANGUAGE_STANDARD = gnu17;
				GCC_NO_COMMON_BLOCKS = YES;
				GCC_WARN_64_TO_32_BIT_CONVERSION = YES;
				GCC_WARN_ABOUT_RETURN_TYPE = YES_ERROR;
				GCC_WARN_UNDECLARED_SELECTOR = YES;
				GCC_WARN_UNINITIALIZED_AUTOS = YES_AGGRESSIVE;
				GCC_WARN_UNUSED_FUNCTION = YES;
				GCC_WARN_UNUSED_VARIABLE = YES;
				IPHONEOS_DEPLOYMENT_TARGET = 18.0;
				LOCALIZATION_PREFERS_STRING_CATALOGS = YES;
				MTL_ENABLE_DEBUG_INFO = NO;
				MTL_FAST_MATH = YES;
				SDKROOT = iphoneos;
				SWIFT_COMPILATION_MODE = wholemodule;
				VALIDATE_PRODUCT = YES;
			};
			name = Release;
		};
		BE436B642D13F1C00055B96F /* Debug */ = {
			isa = XCBuildConfiguration;
			buildSettings = {
				BUNDLE_LOADER = "$(TEST_HOST)";
				CODE_SIGN_STYLE = Automatic;
				CURRENT_PROJECT_VERSION = 1;
				DEVELOPMENT_TEAM = 2ZDN9WVFBD;
				GENERATE_INFOPLIST_FILE = YES;
				IPHONEOS_DEPLOYMENT_TARGET = 18.0;
				MARKETING_VERSION = 1.0;
				PRODUCT_BUNDLE_IDENTIFIER = com.alicantarim.LearnConnectTests;
				PRODUCT_NAME = "$(TARGET_NAME)";
				SWIFT_EMIT_LOC_STRINGS = NO;
				SWIFT_VERSION = 5.0;
				TARGETED_DEVICE_FAMILY = "1,2";
				TEST_HOST = "$(BUILT_PRODUCTS_DIR)/LearnConnect.app/$(BUNDLE_EXECUTABLE_FOLDER_PATH)/LearnConnect";
			};
			name = Debug;
		};
		BE436B652D13F1C00055B96F /* Release */ = {
			isa = XCBuildConfiguration;
			buildSettings = {
				BUNDLE_LOADER = "$(TEST_HOST)";
				CODE_SIGN_STYLE = Automatic;
				CURRENT_PROJECT_VERSION = 1;
				DEVELOPMENT_TEAM = 2ZDN9WVFBD;
				GENERATE_INFOPLIST_FILE = YES;
				IPHONEOS_DEPLOYMENT_TARGET = 18.0;
				MARKETING_VERSION = 1.0;
				PRODUCT_BUNDLE_IDENTIFIER = com.alicantarim.LearnConnectTests;
				PRODUCT_NAME = "$(TARGET_NAME)";
				SWIFT_EMIT_LOC_STRINGS = NO;
				SWIFT_VERSION = 5.0;
				TARGETED_DEVICE_FAMILY = "1,2";
				TEST_HOST = "$(BUILT_PRODUCTS_DIR)/LearnConnect.app/$(BUNDLE_EXECUTABLE_FOLDER_PATH)/LearnConnect";
			};
			name = Release;
		};
		BE436B672D13F1C00055B96F /* Debug */ = {
			isa = XCBuildConfiguration;
			buildSettings = {
				CODE_SIGN_STYLE = Automatic;
				CURRENT_PROJECT_VERSION = 1;
				DEVELOPMENT_TEAM = 2ZDN9WVFBD;
				GENERATE_INFOPLIST_FILE = YES;
				MARKETING_VERSION = 1.0;
				PRODUCT_BUNDLE_IDENTIFIER = com.alicantarim.LearnConnectUITests;
				PRODUCT_NAME = "$(TARGET_NAME)";
				SWIFT_EMIT_LOC_STRINGS = NO;
				SWIFT_VERSION = 5.0;
				TARGETED_DEVICE_FAMILY = "1,2";
				TEST_TARGET_NAME = LearnConnect;
			};
			name = Debug;
		};
		BE436B682D13F1C00055B96F /* Release */ = {
			isa = XCBuildConfiguration;
			buildSettings = {
				CODE_SIGN_STYLE = Automatic;
				CURRENT_PROJECT_VERSION = 1;
				DEVELOPMENT_TEAM = 2ZDN9WVFBD;
				GENERATE_INFOPLIST_FILE = YES;
				MARKETING_VERSION = 1.0;
				PRODUCT_BUNDLE_IDENTIFIER = com.alicantarim.LearnConnectUITests;
				PRODUCT_NAME = "$(TARGET_NAME)";
				SWIFT_EMIT_LOC_STRINGS = NO;
				SWIFT_VERSION = 5.0;
				TARGETED_DEVICE_FAMILY = "1,2";
				TEST_TARGET_NAME = LearnConnect;
			};
			name = Release;
		};
/* End XCBuildConfiguration section */

/* Begin XCConfigurationList section */
		BE436B2D2D13F1BF0055B96F /* Build configuration list for PBXProject "LearnConnect" */ = {
			isa = XCConfigurationList;
			buildConfigurations = (
				BE436B612D13F1C00055B96F /* Debug */,
				BE436B622D13F1C00055B96F /* Release */,
			);
			defaultConfigurationIsVisible = 0;
			defaultConfigurationName = Release;
		};
		BE436B5E2D13F1C00055B96F /* Build configuration list for PBXNativeTarget "LearnConnect" */ = {
			isa = XCConfigurationList;
			buildConfigurations = (
				BE436B5F2D13F1C00055B96F /* Debug */,
				BE436B602D13F1C00055B96F /* Release */,
			);
			defaultConfigurationIsVisible = 0;
			defaultConfigurationName = Release;
		};
		BE436B632D13F1C00055B96F /* Build configuration list for PBXNativeTarget "LearnConnectTests" */ = {
			isa = XCConfigurationList;
			buildConfigurations = (
				BE436B642D13F1C00055B96F /* Debug */,
				BE436B652D13F1C00055B96F /* Release */,
			);
			defaultConfigurationIsVisible = 0;
			defaultConfigurationName = Release;
		};
		BE436B662D13F1C00055B96F /* Build configuration list for PBXNativeTarget "LearnConnectUITests" */ = {
			isa = XCConfigurationList;
			buildConfigurations = (
				BE436B672D13F1C00055B96F /* Debug */,
				BE436B682D13F1C00055B96F /* Release */,
			);
			defaultConfigurationIsVisible = 0;
			defaultConfigurationName = Release;
		};
/* End XCConfigurationList section */

/* Begin XCRemoteSwiftPackageReference section */
		BE436B6E2D13F2E90055B96F /* XCRemoteSwiftPackageReference "SnapKit" */ = {
			isa = XCRemoteSwiftPackageReference;
			repositoryURL = "https://github.com/SnapKit/SnapKit.git";
			requirement = {
				kind = upToNextMajorVersion;
				minimumVersion = 5.7.1;
			};
		};
/* End XCRemoteSwiftPackageReference section */

/* Begin XCSwiftPackageProductDependency section */
		BE436B6F2D13F2E90055B96F /* SnapKit */ = {
			isa = XCSwiftPackageProductDependency;
			package = BE436B6E2D13F2E90055B96F /* XCRemoteSwiftPackageReference "SnapKit" */;
			productName = SnapKit;
		};
/* End XCSwiftPackageProductDependency section */
	};
	rootObject = BE436B2A2D13F1BF0055B96F /* Project object */;
}
